
Microsoft Visual Studio Solution File, Format Version 12.00
# Visual Studio Version 17
VisualStudioVersion = 17.4.33403.182
MinimumVisualStudioVersion = 10.0.40219.1
Project("{FAE04EC0-301F-11D3-BF4B-00C04F79EFBC}") = "TestXml", "TestXml\TestXml.csproj", "{99CC7806-1E93-49C6-A234-5A418320DC69}"
EndProject
Project("{FAE04EC0-301F-11D3-BF4B-00C04F79EFBC}") = "XmlTest", "XmlTest\XmlTest.csproj", "{96991C47-621B-4A83-8DCA-B22C82C6CFDC}"
EndProject
Global
	GlobalSection(SolutionConfigurationPlatforms) = preSolution
		Debug|Any CPU = Debug|Any CPU
		Release|Any CPU = Release|Any CPU
	EndGlobalSection
	GlobalSection(ProjectConfigurationPlatforms) = postSolution
		{99CC7806-1E93-49C6-A234-5A418320DC69}.Debug|Any CPU.ActiveCfg = Debug|Any CPU
		{99CC7806-1E93-49C6-A234-5A418320DC69}.Debug|Any CPU.Build.0 = Debug|Any CPU
		{99CC7806-1E93-49C6-A234-5A418320DC69}.Release|Any CPU.ActiveCfg = Release|Any CPU
		{99CC7806-1E93-49C6-A234-5A418320DC69}.Release|Any CPU.Build.0 = Release|Any CPU
		{96991C47-621B-4A83-8DCA-B22C82C6CFDC}.Debug|Any CPU.ActiveCfg = Debug|Any CPU
		{96991C47-621B-4A83-8DCA-B22C82C6CFDC}.Debug|Any CPU.Build.0 = Debug|Any CPU
		{96991C47-621B-4A83-8DCA-B22C82C6CFDC}.Release|Any CPU.ActiveCfg = Release|Any CPU
		{96991C47-621B-4A83-8DCA-B22C82C6CFDC}.Release|Any CPU.Build.0 = Release|Any CPU
	EndGlobalSection
	GlobalSection(SolutionProperties) = preSolution
		HideSolutionNode = FALSE
	EndGlobalSection
	GlobalSection(ExtensibilityGlobals) = postSolution
		SolutionGuid = {412AA330-B9EE-4124-AB5E-F6360CAB348D}
	EndGlobalSection
EndGlobal
